
Microsoft Visual Studio Solution File, Format Version 12.00
# Visual Studio Version 17
VisualStudioVersion = 17.12.35707.178
MinimumVisualStudioVersion = 10.0.40219.1
Project("{FAE04EC0-301F-11D3-BF4B-00C04F79EFBC}") = "AnnuaireApp", "AnnuaireApp\AnnuaireApp.csproj", "{0A02826A-E1B9-4066-A063-A03D6F552028}"
EndProject
Project("{FAE04EC0-301F-11D3-BF4B-00C04F79EFBC}") = "AnnuaireLibrary", "AnnuaireLibrary\AnnuaireLibrary.csproj", "{77DA3D16-C632-4095-9C6F-B81A65F089B5}"
EndProject
Project("{FAE04EC0-301F-11D3-BF4B-00C04F79EFBC}") = "AnnuaireAPI", "AnnuaireAPI\AnnuaireAPI.csproj", "{BF3C419A-848C-4DEB-8D22-B789434E0B55}"
EndProject
Global
	GlobalSection(SolutionConfigurationPlatforms) = preSolution
		Debug|Any CPU = Debug|Any CPU
		Release|Any CPU = Release|Any CPU
	EndGlobalSection
	GlobalSection(ProjectConfigurationPlatforms) = postSolution
		{0A02826A-E1B9-4066-A063-A03D6F552028}.Debug|Any CPU.ActiveCfg = Debug|Any CPU
		{0A02826A-E1B9-4066-A063-A03D6F552028}.Debug|Any CPU.Build.0 = Debug|Any CPU
		{0A02826A-E1B9-4066-A063-A03D6F552028}.Release|Any CPU.ActiveCfg = Release|Any CPU
		{0A02826A-E1B9-4066-A063-A03D6F552028}.Release|Any CPU.Build.0 = Release|Any CPU
		{77DA3D16-C632-4095-9C6F-B81A65F089B5}.Debug|Any CPU.ActiveCfg = Debug|Any CPU
		{77DA3D16-C632-4095-9C6F-B81A65F089B5}.Debug|Any CPU.Build.0 = Debug|Any CPU
		{77DA3D16-C632-4095-9C6F-B81A65F089B5}.Release|Any CPU.ActiveCfg = Release|Any CPU
		{77DA3D16-C632-4095-9C6F-B81A65F089B5}.Release|Any CPU.Build.0 = Release|Any CPU
		{BF3C419A-848C-4DEB-8D22-B789434E0B55}.Debug|Any CPU.ActiveCfg = Debug|Any CPU
		{BF3C419A-848C-4DEB-8D22-B789434E0B55}.Debug|Any CPU.Build.0 = Debug|Any CPU
		{BF3C419A-848C-4DEB-8D22-B789434E0B55}.Release|Any CPU.ActiveCfg = Release|Any CPU
		{BF3C419A-848C-4DEB-8D22-B789434E0B55}.Release|Any CPU.Build.0 = Release|Any CPU
	EndGlobalSection
	GlobalSection(SolutionProperties) = preSolution
		HideSolutionNode = FALSE
	EndGlobalSection
EndGlobal
